
Microsoft Visual Studio Solution File, Format Version 12.00
# Visual Studio Version 17
VisualStudioVersion = 17.0.31903.59
MinimumVisualStudioVersion = 10.0.40219.1
Project("{FAE04EC0-301F-11D3-BF4B-00C04F79EFBC}") = "Dima.Api", "Dima.Api\Dima.Api.csproj", "{C5047919-33AC-4284-B0E2-1FAB9A741B11}"
EndProject
Project("{FAE04EC0-301F-11D3-BF4B-00C04F79EFBC}") = "Dima.Core", "Dima.Core\Dima.Core.csproj", "{44F55C54-7A13-4310-BF3E-961D79FDABDD}"
EndProject
Project("{FAE04EC0-301F-11D3-BF4B-00C04F79EFBC}") = "Dima.Web", "Dima.Web\Dima.Web.csproj", "{2DB14461-12C9-44E4-B2BB-E53DA9C6F7AA}"
EndProject
Global
	GlobalSection(SolutionConfigurationPlatforms) = preSolution
		Debug|Any CPU = Debug|Any CPU
		Release|Any CPU = Release|Any CPU
	EndGlobalSection
	GlobalSection(SolutionProperties) = preSolution
		HideSolutionNode = FALSE
	EndGlobalSection
	GlobalSection(ProjectConfigurationPlatforms) = postSolution
		{C5047919-33AC-4284-B0E2-1FAB9A741B11}.Debug|Any CPU.ActiveCfg = Debug|Any CPU
		{C5047919-33AC-4284-B0E2-1FAB9A741B11}.Debug|Any CPU.Build.0 = Debug|Any CPU
		{C5047919-33AC-4284-B0E2-1FAB9A741B11}.Release|Any CPU.ActiveCfg = Release|Any CPU
		{C5047919-33AC-4284-B0E2-1FAB9A741B11}.Release|Any CPU.Build.0 = Release|Any CPU
		{44F55C54-7A13-4310-BF3E-961D79FDABDD}.Debug|Any CPU.ActiveCfg = Debug|Any CPU
		{44F55C54-7A13-4310-BF3E-961D79FDABDD}.Debug|Any CPU.Build.0 = Debug|Any CPU
		{44F55C54-7A13-4310-BF3E-961D79FDABDD}.Release|Any CPU.ActiveCfg = Release|Any CPU
		{44F55C54-7A13-4310-BF3E-961D79FDABDD}.Release|Any CPU.Build.0 = Release|Any CPU
		{2DB14461-12C9-44E4-B2BB-E53DA9C6F7AA}.Debug|Any CPU.ActiveCfg = Debug|Any CPU
		{2DB14461-12C9-44E4-B2BB-E53DA9C6F7AA}.Debug|Any CPU.Build.0 = Debug|Any CPU
		{2DB14461-12C9-44E4-B2BB-E53DA9C6F7AA}.Release|Any CPU.ActiveCfg = Release|Any CPU
		{2DB14461-12C9-44E4-B2BB-E53DA9C6F7AA}.Release|Any CPU.Build.0 = Release|Any CPU
	EndGlobalSection
EndGlobal
